# This file is automatically @generated by Poetry 1.4.2 and should not be changed by hand.

[[package]]
name = "chatbot"
version = "1.5.2b"
description = "Allows users on wikia wikis to create a chatbot for Special:Chat"
category = "main"
optional = false
python-versions = "*"
files = [
    {file = "chatbot-1.5.2b.tar.gz", hash = "sha256:805f94ae03fe0e262c993e801cc47757d01b1470072a902225069b8adebbb3d3"},
]

[metadata]
lock-version = "2.0"
python-versions = "^3.11"
content-hash = "83561b5350880a2981876ec3145c6aff70c80c50e2c26f86b3c84e074a3f7a66"
